// !$*UTF8*$!
{
	archiveVersion = 1;
	classes = {
	};
	objectVersion = 46;
	objects = {

/* Begin PBXBuildFile section */
		852D711A1D3BD9BC00B596B6 /* b4.jpg in Resources */ = {isa = PBXBuildFile; fileRef = 852D71191D3BD9BC00B596B6 /* b4.jpg */; };
		852D71241D3BEE1500B596B6 /* btn01.png in Resources */ = {isa = PBXBuildFile; fileRef = 852D71221D3BEE1500B596B6 /* btn01.png */; };
		852D71261D3D2A9700B596B6 /* pink.jpg in Resources */ = {isa = PBXBuildFile; fileRef = 852D71251D3D2A9700B596B6 /* pink.jpg */; };
		85F50B341D37B8E6002F4BA3 /* Category.swift in Sources */ = {isa = PBXBuildFile; fileRef = 85F50B331D37B8E6002F4BA3 /* Category.swift */; };
		85F50B361D37B8F2002F4BA3 /* GameData.swift in Sources */ = {isa = PBXBuildFile; fileRef = 85F50B351D37B8F2002F4BA3 /* GameData.swift */; };
		85F50B421D37B932002F4BA3 /* TileView.swift in Sources */ = {isa = PBXBuildFile; fileRef = 85F50B381D37B932002F4BA3 /* TileView.swift */; };
		85F50B431D37B932002F4BA3 /* TargetView.swift in Sources */ = {isa = PBXBuildFile; fileRef = 85F50B391D37B932002F4BA3 /* TargetView.swift */; };
		85F50B441D37B932002F4BA3 /* StopwatchView.swift in Sources */ = {isa = PBXBuildFile; fileRef = 85F50B3A1D37B932002F4BA3 /* StopwatchView.swift */; };
		85F50B451D37B932002F4BA3 /* HUDView.swift in Sources */ = {isa = PBXBuildFile; fileRef = 85F50B3B1D37B932002F4BA3 /* HUDView.swift */; };
		85F50B461D37B932002F4BA3 /* CounterLabelView.swift in Sources */ = {isa = PBXBuildFile; fileRef = 85F50B3C1D37B932002F4BA3 /* CounterLabelView.swift */; };
		85F50B471D37B932002F4BA3 /* ExplodeView.swift in Sources */ = {isa = PBXBuildFile; fileRef = 85F50B3D1D37B932002F4BA3 /* ExplodeView.swift */; };
		85F50B481D37B932002F4BA3 /* StardustView.swift in Sources */ = {isa = PBXBuildFile; fileRef = 85F50B3E1D37B932002F4BA3 /* StardustView.swift */; };
		85F50B491D37B932002F4BA3 /* HangmanView.swift in Sources */ = {isa = PBXBuildFile; fileRef = 85F50B3F1D37B932002F4BA3 /* HangmanView.swift */; };
		85F50B4A1D37B932002F4BA3 /* CategoryView.swift in Sources */ = {isa = PBXBuildFile; fileRef = 85F50B401D37B932002F4BA3 /* CategoryView.swift */; };
		85F50B4B1D37B932002F4BA3 /* BonusView.swift in Sources */ = {isa = PBXBuildFile; fileRef = 85F50B411D37B932002F4BA3 /* BonusView.swift */; };
		85F50B4E1D37B942002F4BA3 /* GameController.swift in Sources */ = {isa = PBXBuildFile; fileRef = 85F50B4C1D37B942002F4BA3 /* GameController.swift */; };
		85F50B4F1D37B942002F4BA3 /* AudioController.swift in Sources */ = {isa = PBXBuildFile; fileRef = 85F50B4D1D37B942002F4BA3 /* AudioController.swift */; };
		85F50B541D37B958002F4BA3 /* 1.plist in Resources */ = {isa = PBXBuildFile; fileRef = 85F50B501D37B958002F4BA3 /* 1.plist */; };
		85F50B551D37B958002F4BA3 /* 2.plist in Resources */ = {isa = PBXBuildFile; fileRef = 85F50B511D37B958002F4BA3 /* 2.plist */; };
		85F50B561D37B958002F4BA3 /* 3.plist in Resources */ = {isa = PBXBuildFile; fileRef = 85F50B521D37B958002F4BA3 /* 3.plist */; };
		85F50B571D37B958002F4BA3 /* 4.plist in Resources */ = {isa = PBXBuildFile; fileRef = 85F50B531D37B958002F4BA3 /* 4.plist */; };
		85F50B591D37B9B4002F4BA3 /* Config.swift in Sources */ = {isa = PBXBuildFile; fileRef = 85F50B581D37B9B4002F4BA3 /* Config.swift */; };
		85F50B711D37BA12002F4BA3 /* 10.png in Resources */ = {isa = PBXBuildFile; fileRef = 85F50B5E1D37BA12002F4BA3 /* 10.png */; };
		85F50B721D37BA12002F4BA3 /* btn.png in Resources */ = {isa = PBXBuildFile; fileRef = 85F50B5F1D37BA12002F4BA3 /* btn.png */; };
		85F50B731D37BA12002F4BA3 /* 7.png in Resources */ = {isa = PBXBuildFile; fileRef = 85F50B601D37BA12002F4BA3 /* 7.png */; };
		85F50B741D37BA12002F4BA3 /* 0.png in Resources */ = {isa = PBXBuildFile; fileRef = 85F50B611D37BA12002F4BA3 /* 0.png */; };
		85F50B751D37BA12002F4BA3 /* 1.png in Resources */ = {isa = PBXBuildFile; fileRef = 85F50B621D37BA12002F4BA3 /* 1.png */; };
		85F50B761D37BA12002F4BA3 /* 2.png in Resources */ = {isa = PBXBuildFile; fileRef = 85F50B631D37BA12002F4BA3 /* 2.png */; };
		85F50B771D37BA12002F4BA3 /* 3.png in Resources */ = {isa = PBXBuildFile; fileRef = 85F50B641D37BA12002F4BA3 /* 3.png */; };
		85F50B781D37BA12002F4BA3 /* 4.png in Resources */ = {isa = PBXBuildFile; fileRef = 85F50B651D37BA12002F4BA3 /* 4.png */; };
		85F50B791D37BA12002F4BA3 /* 5.png in Resources */ = {isa = PBXBuildFile; fileRef = 85F50B661D37BA12002F4BA3 /* 5.png */; };
		85F50B7A1D37BA12002F4BA3 /* 6.png in Resources */ = {isa = PBXBuildFile; fileRef = 85F50B671D37BA12002F4BA3 /* 6.png */; };
		85F50B7B1D37BA12002F4BA3 /* back1.jpg in Resources */ = {isa = PBXBuildFile; fileRef = 85F50B681D37BA12002F4BA3 /* back1.jpg */; };
		85F50B7E1D37BA12002F4BA3 /* board.jpg in Resources */ = {isa = PBXBuildFile; fileRef = 85F50B6B1D37BA12002F4BA3 /* board.jpg */; };
		85F50B7F1D37BA12002F4BA3 /* b.jpg in Resources */ = {isa = PBXBuildFile; fileRef = 85F50B6C1D37BA12002F4BA3 /* b.jpg */; };
		85F50B801D37BA12002F4BA3 /* slot@2x.png in Resources */ = {isa = PBXBuildFile; fileRef = 85F50B6D1D37BA12002F4BA3 /* slot@2x.png */; };
		85F50B811D37BA12002F4BA3 /* slot.png in Resources */ = {isa = PBXBuildFile; fileRef = 85F50B6E1D37BA12002F4BA3 /* slot.png */; };
		85F50B821D37BA12002F4BA3 /* tile.png in Resources */ = {isa = PBXBuildFile; fileRef = 85F50B6F1D37BA12002F4BA3 /* tile.png */; };
		85F50B831D37BA12002F4BA3 /* tile@2x.png in Resources */ = {isa = PBXBuildFile; fileRef = 85F50B701D37BA12002F4BA3 /* tile@2x.png */; };
		85F50B881D37BA27002F4BA3 /* ouch.mp3 in Resources */ = {isa = PBXBuildFile; fileRef = 85F50B841D37BA27002F4BA3 /* ouch.mp3 */; };
		85F50B891D37BA27002F4BA3 /* win.mp3 in Resources */ = {isa = PBXBuildFile; fileRef = 85F50B851D37BA27002F4BA3 /* win.mp3 */; };
		85F50B8A1D37BA27002F4BA3 /* wrong.m4a in Resources */ = {isa = PBXBuildFile; fileRef = 85F50B861D37BA27002F4BA3 /* wrong.m4a */; };
		85F50B8B1D37BA27002F4BA3 /* ding.mp3 in Resources */ = {isa = PBXBuildFile; fileRef = 85F50B871D37BA27002F4BA3 /* ding.mp3 */; };
		85F50B8D1D37BA3F002F4BA3 /* particle.png in Resources */ = {isa = PBXBuildFile; fileRef = 85F50B8C1D37BA3F002F4BA3 /* particle.png */; };
		85F50B921D37BA4B002F4BA3 /* Asakim_Bold.ttf in Resources */ = {isa = PBXBuildFile; fileRef = 85F50B8E1D37BA4B002F4BA3 /* Asakim_Bold.ttf */; };
		85F50B931D37BA4B002F4BA3 /* Comix_Bold.ttf in Resources */ = {isa = PBXBuildFile; fileRef = 85F50B8F1D37BA4B002F4BA3 /* Comix_Bold.ttf */; };
		85F50B941D37BA4B002F4BA3 /* Dana_Yad.otf in Resources */ = {isa = PBXBuildFile; fileRef = 85F50B901D37BA4B002F4BA3 /* Dana_Yad.otf */; };
		85F50B951D37BA4B002F4BA3 /* Comic_Andy.ttf in Resources */ = {isa = PBXBuildFile; fileRef = 85F50B911D37BA4B002F4BA3 /* Comic_Andy.ttf */; };
		85F50B961D37BB0E002F4BA3 /* Dana_Yad.otf in Resources */ = {isa = PBXBuildFile; fileRef = 85F50B901D37BA4B002F4BA3 /* Dana_Yad.otf */; };
		85F50B971D37BB0F002F4BA3 /* Dana_Yad.otf in Resources */ = {isa = PBXBuildFile; fileRef = 85F50B901D37BA4B002F4BA3 /* Dana_Yad.otf */; };
		85F50B981D37BB12002F4BA3 /* Comic_Andy.ttf in Resources */ = {isa = PBXBuildFile; fileRef = 85F50B911D37BA4B002F4BA3 /* Comic_Andy.ttf */; };
		85F50B991D37BB13002F4BA3 /* Comic_Andy.ttf in Resources */ = {isa = PBXBuildFile; fileRef = 85F50B911D37BA4B002F4BA3 /* Comic_Andy.ttf */; };
		85F50B9A1D37BB17002F4BA3 /* Comix_Bold.ttf in Resources */ = {isa = PBXBuildFile; fileRef = 85F50B8F1D37BA4B002F4BA3 /* Comix_Bold.ttf */; };
		85F50B9B1D37BB17002F4BA3 /* Comix_Bold.ttf in Resources */ = {isa = PBXBuildFile; fileRef = 85F50B8F1D37BA4B002F4BA3 /* Comix_Bold.ttf */; };
		85F50B9C1D37BB1A002F4BA3 /* Asakim_Bold.ttf in Resources */ = {isa = PBXBuildFile; fileRef = 85F50B8E1D37BA4B002F4BA3 /* Asakim_Bold.ttf */; };
		85F50B9D1D37BB1A002F4BA3 /* Asakim_Bold.ttf in Resources */ = {isa = PBXBuildFile; fileRef = 85F50B8E1D37BA4B002F4BA3 /* Asakim_Bold.ttf */; };
		D80230771D3A44F5002095D4 /* Champ.swift in Sources */ = {isa = PBXBuildFile; fileRef = D80230761D3A44F5002095D4 /* Champ.swift */; };
		D81252161D2FD54D00A374AF /* AppDelegate.swift in Sources */ = {isa = PBXBuildFile; fileRef = D81252151D2FD54D00A374AF /* AppDelegate.swift */; };
		D81252181D2FD54D00A374AF /* LoginViewController.swift in Sources */ = {isa = PBXBuildFile; fileRef = D81252171D2FD54D00A374AF /* LoginViewController.swift */; };
		D812521B1D2FD54D00A374AF /* Main.storyboard in Resources */ = {isa = PBXBuildFile; fileRef = D81252191D2FD54D00A374AF /* Main.storyboard */; };
		D812521E1D2FD54D00A374AF /* IHangMan.xcdatamodeld in Sources */ = {isa = PBXBuildFile; fileRef = D812521C1D2FD54D00A374AF /* IHangMan.xcdatamodeld */; };
		D81252201D2FD54D00A374AF /* Assets.xcassets in Resources */ = {isa = PBXBuildFile; fileRef = D812521F1D2FD54D00A374AF /* Assets.xcassets */; };
		D81252231D2FD54D00A374AF /* LaunchScreen.storyboard in Resources */ = {isa = PBXBuildFile; fileRef = D81252211D2FD54D00A374AF /* LaunchScreen.storyboard */; };
		D812522E1D2FD54D00A374AF /* IHangManTests.swift in Sources */ = {isa = PBXBuildFile; fileRef = D812522D1D2FD54D00A374AF /* IHangManTests.swift */; };
		D81252391D2FD54D00A374AF /* IHangManUITests.swift in Sources */ = {isa = PBXBuildFile; fileRef = D81252381D2FD54D00A374AF /* IHangManUITests.swift */; };
		D81485401D3B80D500D4A2E2 /* InstructionsViewController.swift in Sources */ = {isa = PBXBuildFile; fileRef = D814853F1D3B80D500D4A2E2 /* InstructionsViewController.swift */; };
		D83BA82C1D34EDC90063F60F /* SignUpViewController.swift in Sources */ = {isa = PBXBuildFile; fileRef = D83BA82B1D34EDC80063F60F /* SignUpViewController.swift */; };
		D83BA82E1D3557920063F60F /* GameBoardViewController.swift in Sources */ = {isa = PBXBuildFile; fileRef = D83BA82D1D3557920063F60F /* GameBoardViewController.swift */; };
		D859C2591D3822CB000A5A80 /* ChampCell.swift in Sources */ = {isa = PBXBuildFile; fileRef = D859C2581D3822CB000A5A80 /* ChampCell.swift */; };
		D859C25B1D38238C000A5A80 /* ChampTableViewController.swift in Sources */ = {isa = PBXBuildFile; fileRef = D859C25A1D38238C000A5A80 /* ChampTableViewController.swift */; };
		D8F9B70B1D32BBC200DBCB68 /* GoogleService-Info.plist in Resources */ = {isa = PBXBuildFile; fileRef = D856DF921D322F5E00DEE104 /* GoogleService-Info.plist */; };
		D8F9B70C1D32BBC300DBCB68 /* GoogleService-Info.plist in Resources */ = {isa = PBXBuildFile; fileRef = D856DF921D322F5E00DEE104 /* GoogleService-Info.plist */; };
		D8F9B70D1D32BBCB00DBCB68 /* GoogleService-Info.plist in Resources */ = {isa = PBXBuildFile; fileRef = D856DF921D322F5E00DEE104 /* GoogleService-Info.plist */; };
		D8F9B7151D32F18600DBCB68 /* HomeViewController.swift in Sources */ = {isa = PBXBuildFile; fileRef = D8F9B7141D32F18600DBCB68 /* HomeViewController.swift */; };
/* End PBXBuildFile section */

/* Begin PBXContainerItemProxy section */
		D812522A1D2FD54D00A374AF /* PBXContainerItemProxy */ = {
			isa = PBXContainerItemProxy;
			containerPortal = D812520A1D2FD54D00A374AF /* Project object */;
			proxyType = 1;
			remoteGlobalIDString = D81252111D2FD54D00A374AF;
			remoteInfo = IHangMan;
		};
		D81252351D2FD54D00A374AF /* PBXContainerItemProxy */ = {
			isa = PBXContainerItemProxy;
			containerPortal = D812520A1D2FD54D00A374AF /* Project object */;
			proxyType = 1;
			remoteGlobalIDString = D81252111D2FD54D00A374AF;
			remoteInfo = IHangMan;
		};
/* End PBXContainerItemProxy section */

/* Begin PBXFileReference section */
		0DA0F1540318EDD38F271DE1 /* Pods-IHangManTests.debug.xcconfig */ = {isa = PBXFileReference; includeInIndex = 1; lastKnownFileType = text.xcconfig; name = "Pods-IHangManTests.debug.xcconfig"; path = "Pods/Target Support Files/Pods-IHangManTests/Pods-IHangManTests.debug.xcconfig"; sourceTree = "<group>"; };
		10ECEB01DA12C79BEE08DCB6 /* Pods-IHangManUITests.debug.xcconfig */ = {isa = PBXFileReference; includeInIndex = 1; lastKnownFileType = text.xcconfig; name = "Pods-IHangManUITests.debug.xcconfig"; path = "Pods/Target Support Files/Pods-IHangManUITests/Pods-IHangManUITests.debug.xcconfig"; sourceTree = "<group>"; };
		266A295C97A786493FEFDF5C /* Pods-IHangMan.debug.xcconfig */ = {isa = PBXFileReference; includeInIndex = 1; lastKnownFileType = text.xcconfig; name = "Pods-IHangMan.debug.xcconfig"; path = "Pods/Target Support Files/Pods-IHangMan/Pods-IHangMan.debug.xcconfig"; sourceTree = "<group>"; };
		7B08E2A422A7BAC2EA96B5B5 /* Pods-IHangMan.release.xcconfig */ = {isa = PBXFileReference; includeInIndex = 1; lastKnownFileType = text.xcconfig; name = "Pods-IHangMan.release.xcconfig"; path = "Pods/Target Support Files/Pods-IHangMan/Pods-IHangMan.release.xcconfig"; sourceTree = "<group>"; };
		7E1D926871183DE7A71C3F0D /* Pods-IHangManUITests.release.xcconfig */ = {isa = PBXFileReference; includeInIndex = 1; lastKnownFileType = text.xcconfig; name = "Pods-IHangManUITests.release.xcconfig"; path = "Pods/Target Support Files/Pods-IHangManUITests/Pods-IHangManUITests.release.xcconfig"; sourceTree = "<group>"; };
		852D71191D3BD9BC00B596B6 /* b4.jpg */ = {isa = PBXFileReference; lastKnownFileType = image.jpeg; path = b4.jpg; sourceTree = "<group>"; };
		852D71221D3BEE1500B596B6 /* btn01.png */ = {isa = PBXFileReference; lastKnownFileType = image.png; path = btn01.png; sourceTree = "<group>"; };
		852D71251D3D2A9700B596B6 /* pink.jpg */ = {isa = PBXFileReference; lastKnownFileType = image.jpeg; path = pink.jpg; sourceTree = "<group>"; };
		85F50B331D37B8E6002F4BA3 /* Category.swift */ = {isa = PBXFileReference; fileEncoding = 4; lastKnownFileType = sourcecode.swift; path = Category.swift; sourceTree = "<group>"; };
		85F50B351D37B8F2002F4BA3 /* GameData.swift */ = {isa = PBXFileReference; fileEncoding = 4; lastKnownFileType = sourcecode.swift; path = GameData.swift; sourceTree = "<group>"; };
		85F50B381D37B932002F4BA3 /* TileView.swift */ = {isa = PBXFileReference; fileEncoding = 4; lastKnownFileType = sourcecode.swift; path = TileView.swift; sourceTree = "<group>"; };
		85F50B391D37B932002F4BA3 /* TargetView.swift */ = {isa = PBXFileReference; fileEncoding = 4; lastKnownFileType = sourcecode.swift; path = TargetView.swift; sourceTree = "<group>"; };
		85F50B3A1D37B932002F4BA3 /* StopwatchView.swift */ = {isa = PBXFileReference; fileEncoding = 4; lastKnownFileType = sourcecode.swift; path = StopwatchView.swift; sourceTree = "<group>"; };
		85F50B3B1D37B932002F4BA3 /* HUDView.swift */ = {isa = PBXFileReference; fileEncoding = 4; lastKnownFileType = sourcecode.swift; path = HUDView.swift; sourceTree = "<group>"; };
		85F50B3C1D37B932002F4BA3 /* CounterLabelView.swift */ = {isa = PBXFileReference; fileEncoding = 4; lastKnownFileType = sourcecode.swift; path = CounterLabelView.swift; sourceTree = "<group>"; };
		85F50B3D1D37B932002F4BA3 /* ExplodeView.swift */ = {isa = PBXFileReference; fileEncoding = 4; lastKnownFileType = sourcecode.swift; path = ExplodeView.swift; sourceTree = "<group>"; };
		85F50B3E1D37B932002F4BA3 /* StardustView.swift */ = {isa = PBXFileReference; fileEncoding = 4; lastKnownFileType = sourcecode.swift; path = StardustView.swift; sourceTree = "<group>"; };
		85F50B3F1D37B932002F4BA3 /* HangmanView.swift */ = {isa = PBXFileReference; fileEncoding = 4; lastKnownFileType = sourcecode.swift; path = HangmanView.swift; sourceTree = "<group>"; };
		85F50B401D37B932002F4BA3 /* CategoryView.swift */ = {isa = PBXFileReference; fileEncoding = 4; lastKnownFileType = sourcecode.swift; path = CategoryView.swift; sourceTree = "<group>"; };
		85F50B411D37B932002F4BA3 /* BonusView.swift */ = {isa = PBXFileReference; fileEncoding = 4; lastKnownFileType = sourcecode.swift; path = BonusView.swift; sourceTree = "<group>"; };
		85F50B4C1D37B942002F4BA3 /* GameController.swift */ = {isa = PBXFileReference; fileEncoding = 4; lastKnownFileType = sourcecode.swift; path = GameController.swift; sourceTree = "<group>"; };
		85F50B4D1D37B942002F4BA3 /* AudioController.swift */ = {isa = PBXFileReference; fileEncoding = 4; lastKnownFileType = sourcecode.swift; path = AudioController.swift; sourceTree = "<group>"; };
		85F50B501D37B958002F4BA3 /* 1.plist */ = {isa = PBXFileReference; fileEncoding = 4; lastKnownFileType = text.plist.xml; path = 1.plist; sourceTree = "<group>"; };
		85F50B511D37B958002F4BA3 /* 2.plist */ = {isa = PBXFileReference; fileEncoding = 4; lastKnownFileType = text.plist.xml; path = 2.plist; sourceTree = "<group>"; };
		85F50B521D37B958002F4BA3 /* 3.plist */ = {isa = PBXFileReference; fileEncoding = 4; lastKnownFileType = text.plist.xml; path = 3.plist; sourceTree = "<group>"; };
		85F50B531D37B958002F4BA3 /* 4.plist */ = {isa = PBXFileReference; fileEncoding = 4; lastKnownFileType = text.plist.xml; path = 4.plist; sourceTree = "<group>"; };
		85F50B581D37B9B4002F4BA3 /* Config.swift */ = {isa = PBXFileReference; fileEncoding = 4; lastKnownFileType = sourcecode.swift; path = Config.swift; sourceTree = "<group>"; };
		85F50B5E1D37BA12002F4BA3 /* 10.png */ = {isa = PBXFileReference; lastKnownFileType = image.png; path = 10.png; sourceTree = "<group>"; };
		85F50B5F1D37BA12002F4BA3 /* btn.png */ = {isa = PBXFileReference; lastKnownFileType = image.png; path = btn.png; sourceTree = "<group>"; };
		85F50B601D37BA12002F4BA3 /* 7.png */ = {isa = PBXFileReference; lastKnownFileType = image.png; path = 7.png; sourceTree = "<group>"; };
		85F50B611D37BA12002F4BA3 /* 0.png */ = {isa = PBXFileReference; lastKnownFileType = image.png; path = 0.png; sourceTree = "<group>"; };
		85F50B621D37BA12002F4BA3 /* 1.png */ = {isa = PBXFileReference; lastKnownFileType = image.png; path = 1.png; sourceTree = "<group>"; };
		85F50B631D37BA12002F4BA3 /* 2.png */ = {isa = PBXFileReference; lastKnownFileType = image.png; path = 2.png; sourceTree = "<group>"; };
		85F50B641D37BA12002F4BA3 /* 3.png */ = {isa = PBXFileReference; lastKnownFileType = image.png; path = 3.png; sourceTree = "<group>"; };
		85F50B651D37BA12002F4BA3 /* 4.png */ = {isa = PBXFileReference; lastKnownFileType = image.png; path = 4.png; sourceTree = "<group>"; };
		85F50B661D37BA12002F4BA3 /* 5.png */ = {isa = PBXFileReference; lastKnownFileType = image.png; path = 5.png; sourceTree = "<group>"; };
		85F50B671D37BA12002F4BA3 /* 6.png */ = {isa = PBXFileReference; lastKnownFileType = image.png; path = 6.png; sourceTree = "<group>"; };
		85F50B681D37BA12002F4BA3 /* back1.jpg */ = {isa = PBXFileReference; lastKnownFileType = image.jpeg; path = back1.jpg; sourceTree = "<group>"; };
		85F50B6B1D37BA12002F4BA3 /* board.jpg */ = {isa = PBXFileReference; lastKnownFileType = image.jpeg; path = board.jpg; sourceTree = "<group>"; };
		85F50B6C1D37BA12002F4BA3 /* b.jpg */ = {isa = PBXFileReference; lastKnownFileType = image.jpeg; path = b.jpg; sourceTree = "<group>"; };
		85F50B6D1D37BA12002F4BA3 /* slot@2x.png */ = {isa = PBXFileReference; lastKnownFileType = image.png; path = "slot@2x.png"; sourceTree = "<group>"; };
		85F50B6E1D37BA12002F4BA3 /* slot.png */ = {isa = PBXFileReference; lastKnownFileType = image.png; path = slot.png; sourceTree = "<group>"; };
		85F50B6F1D37BA12002F4BA3 /* tile.png */ = {isa = PBXFileReference; lastKnownFileType = image.png; path = tile.png; sourceTree = "<group>"; };
		85F50B701D37BA12002F4BA3 /* tile@2x.png */ = {isa = PBXFileReference; lastKnownFileType = image.png; path = "tile@2x.png"; sourceTree = "<group>"; };
		85F50B841D37BA27002F4BA3 /* ouch.mp3 */ = {isa = PBXFileReference; lastKnownFileType = audio.mp3; path = ouch.mp3; sourceTree = "<group>"; };
		85F50B851D37BA27002F4BA3 /* win.mp3 */ = {isa = PBXFileReference; lastKnownFileType = audio.mp3; path = win.mp3; sourceTree = "<group>"; };
		85F50B861D37BA27002F4BA3 /* wrong.m4a */ = {isa = PBXFileReference; lastKnownFileType = file; path = wrong.m4a; sourceTree = "<group>"; };
		85F50B871D37BA27002F4BA3 /* ding.mp3 */ = {isa = PBXFileReference; lastKnownFileType = audio.mp3; path = ding.mp3; sourceTree = "<group>"; };
		85F50B8C1D37BA3F002F4BA3 /* particle.png */ = {isa = PBXFileReference; lastKnownFileType = image.png; path = particle.png; sourceTree = "<group>"; };
		85F50B8E1D37BA4B002F4BA3 /* Asakim_Bold.ttf */ = {isa = PBXFileReference; lastKnownFileType = file; path = Asakim_Bold.ttf; sourceTree = "<group>"; };
		85F50B8F1D37BA4B002F4BA3 /* Comix_Bold.ttf */ = {isa = PBXFileReference; lastKnownFileType = file; path = Comix_Bold.ttf; sourceTree = "<group>"; };
		85F50B901D37BA4B002F4BA3 /* Dana_Yad.otf */ = {isa = PBXFileReference; lastKnownFileType = file; path = Dana_Yad.otf; sourceTree = "<group>"; };
		85F50B911D37BA4B002F4BA3 /* Comic_Andy.ttf */ = {isa = PBXFileReference; lastKnownFileType = file; path = Comic_Andy.ttf; sourceTree = "<group>"; };
		8CD8898D209726E14746B7E9 /* Pods-IHangManTests.release.xcconfig */ = {isa = PBXFileReference; includeInIndex = 1; lastKnownFileType = text.xcconfig; name = "Pods-IHangManTests.release.xcconfig"; path = "Pods/Target Support Files/Pods-IHangManTests/Pods-IHangManTests.release.xcconfig"; sourceTree = "<group>"; };
		D80230761D3A44F5002095D4 /* Champ.swift */ = {isa = PBXFileReference; fileEncoding = 4; lastKnownFileType = sourcecode.swift; name = Champ.swift; path = IHangMan/Champ.swift; sourceTree = "<group>"; };
		D81252121D2FD54D00A374AF /* IHangMan.app */ = {isa = PBXFileReference; explicitFileType = wrapper.application; includeInIndex = 0; path = IHangMan.app; sourceTree = BUILT_PRODUCTS_DIR; };
		D81252151D2FD54D00A374AF /* AppDelegate.swift */ = {isa = PBXFileReference; lastKnownFileType = sourcecode.swift; path = AppDelegate.swift; sourceTree = "<group>"; };
		D81252171D2FD54D00A374AF /* LoginViewController.swift */ = {isa = PBXFileReference; lastKnownFileType = sourcecode.swift; name = LoginViewController.swift; path = IHangMan/LoginViewController.swift; sourceTree = "<group>"; };
		D812521A1D2FD54D00A374AF /* Base */ = {isa = PBXFileReference; lastKnownFileType = file.storyboard; name = Base; path = Base.lproj/Main.storyboard; sourceTree = "<group>"; };
		D812521D1D2FD54D00A374AF /* IHangMan.xcdatamodel */ = {isa = PBXFileReference; lastKnownFileType = wrapper.xcdatamodel; path = IHangMan.xcdatamodel; sourceTree = "<group>"; };
		D812521F1D2FD54D00A374AF /* Assets.xcassets */ = {isa = PBXFileReference; lastKnownFileType = folder.assetcatalog; path = Assets.xcassets; sourceTree = "<group>"; };
		D81252221D2FD54D00A374AF /* Base */ = {isa = PBXFileReference; lastKnownFileType = file.storyboard; name = Base; path = Base.lproj/LaunchScreen.storyboard; sourceTree = "<group>"; };
		D81252241D2FD54D00A374AF /* Info.plist */ = {isa = PBXFileReference; lastKnownFileType = text.plist.xml; path = Info.plist; sourceTree = "<group>"; };
		D81252291D2FD54D00A374AF /* IHangManTests.xctest */ = {isa = PBXFileReference; explicitFileType = wrapper.cfbundle; includeInIndex = 0; path = IHangManTests.xctest; sourceTree = BUILT_PRODUCTS_DIR; };
		D812522D1D2FD54D00A374AF /* IHangManTests.swift */ = {isa = PBXFileReference; lastKnownFileType = sourcecode.swift; path = IHangManTests.swift; sourceTree = "<group>"; };
		D812522F1D2FD54D00A374AF /* Info.plist */ = {isa = PBXFileReference; lastKnownFileType = text.plist.xml; path = Info.plist; sourceTree = "<group>"; };
		D81252341D2FD54D00A374AF /* IHangManUITests.xctest */ = {isa = PBXFileReference; explicitFileType = wrapper.cfbundle; includeInIndex = 0; path = IHangManUITests.xctest; sourceTree = BUILT_PRODUCTS_DIR; };
		D81252381D2FD54D00A374AF /* IHangManUITests.swift */ = {isa = PBXFileReference; lastKnownFileType = sourcecode.swift; path = IHangManUITests.swift; sourceTree = "<group>"; };
		D812523A1D2FD54D00A374AF /* Info.plist */ = {isa = PBXFileReference; lastKnownFileType = text.plist.xml; path = Info.plist; sourceTree = "<group>"; };
		D814853F1D3B80D500D4A2E2 /* InstructionsViewController.swift */ = {isa = PBXFileReference; fileEncoding = 4; lastKnownFileType = sourcecode.swift; name = InstructionsViewController.swift; path = IHangMan/InstructionsViewController.swift; sourceTree = "<group>"; };
		D83BA82B1D34EDC80063F60F /* SignUpViewController.swift */ = {isa = PBXFileReference; fileEncoding = 4; lastKnownFileType = sourcecode.swift; name = SignUpViewController.swift; path = IHangMan/SignUpViewController.swift; sourceTree = "<group>"; };
		D83BA82D1D3557920063F60F /* GameBoardViewController.swift */ = {isa = PBXFileReference; fileEncoding = 4; lastKnownFileType = sourcecode.swift; name = GameBoardViewController.swift; path = IHangMan/GameBoardViewController.swift; sourceTree = "<group>"; };
		D856DF921D322F5E00DEE104 /* GoogleService-Info.plist */ = {isa = PBXFileReference; fileEncoding = 4; lastKnownFileType = text.plist.xml; path = "GoogleService-Info.plist"; sourceTree = "<group>"; };
		D859C2581D3822CB000A5A80 /* ChampCell.swift */ = {isa = PBXFileReference; fileEncoding = 4; lastKnownFileType = sourcecode.swift; name = ChampCell.swift; path = IHangMan/ChampCell.swift; sourceTree = "<group>"; };
		D859C25A1D38238C000A5A80 /* ChampTableViewController.swift */ = {isa = PBXFileReference; fileEncoding = 4; lastKnownFileType = sourcecode.swift; path = ChampTableViewController.swift; sourceTree = "<group>"; };
		D8F9B7141D32F18600DBCB68 /* HomeViewController.swift */ = {isa = PBXFileReference; fileEncoding = 4; lastKnownFileType = sourcecode.swift; path = HomeViewController.swift; sourceTree = "<group>"; };
/* End PBXFileReference section */

/* Begin PBXFrameworksBuildPhase section */
		D812520F1D2FD54D00A374AF /* Frameworks */ = {
			isa = PBXFrameworksBuildPhase;
			buildActionMask = 2147483647;
			files = (
			);
			runOnlyForDeploymentPostprocessing = 0;
		};
		D81252261D2FD54D00A374AF /* Frameworks */ = {
			isa = PBXFrameworksBuildPhase;
			buildActionMask = 2147483647;
			files = (
			);
			runOnlyForDeploymentPostprocessing = 0;
		};
		D81252311D2FD54D00A374AF /* Frameworks */ = {
			isa = PBXFrameworksBuildPhase;
			buildActionMask = 2147483647;
			files = (
			);
			runOnlyForDeploymentPostprocessing = 0;
		};
/* End PBXFrameworksBuildPhase section */

/* Begin PBXGroup section */
		15F8F24C6FF8BDBACC0AF6EC /* Pods */ = {
			isa = PBXGroup;
			children = (
				266A295C97A786493FEFDF5C /* Pods-IHangMan.debug.xcconfig */,
				7B08E2A422A7BAC2EA96B5B5 /* Pods-IHangMan.release.xcconfig */,
				0DA0F1540318EDD38F271DE1 /* Pods-IHangManTests.debug.xcconfig */,
				8CD8898D209726E14746B7E9 /* Pods-IHangManTests.release.xcconfig */,
				10ECEB01DA12C79BEE08DCB6 /* Pods-IHangManUITests.debug.xcconfig */,
				7E1D926871183DE7A71C3F0D /* Pods-IHangManUITests.release.xcconfig */,
			);
			name = Pods;
			sourceTree = "<group>";
		};
		85F50B2F1D37B818002F4BA3 /* Classes */ = {
			isa = PBXGroup;
			children = (
				D856DF8B1D31496C00DEE104 /* Models */,
				85F50B371D37B915002F4BA3 /* Views */,
				D856DF8C1D314ACA00DEE104 /* Controllers */,
			);
			name = Classes;
			sourceTree = "<group>";
		};
		85F50B301D37B827002F4BA3 /* Asserts */ = {
			isa = PBXGroup;
			children = (
				85F50B5D1D37B9F3002F4BA3 /* Images */,
				85F50B5C1D37B9EB002F4BA3 /* Audio */,
				85F50B5B1D37B9D4002F4BA3 /* Particles */,
				85F50B5A1D37B9CC002F4BA3 /* Fonts */,
			);
			name = Asserts;
			sourceTree = "<group>";
		};
		85F50B311D37B839002F4BA3 /* Categories */ = {
			isa = PBXGroup;
			children = (
				85F50B501D37B958002F4BA3 /* 1.plist */,
				85F50B511D37B958002F4BA3 /* 2.plist */,
				85F50B521D37B958002F4BA3 /* 3.plist */,
				85F50B531D37B958002F4BA3 /* 4.plist */,
			);
			name = Categories;
			sourceTree = "<group>";
		};
		85F50B371D37B915002F4BA3 /* Views */ = {
			isa = PBXGroup;
			children = (
				85F50B381D37B932002F4BA3 /* TileView.swift */,
				85F50B391D37B932002F4BA3 /* TargetView.swift */,
				85F50B3A1D37B932002F4BA3 /* StopwatchView.swift */,
				85F50B3B1D37B932002F4BA3 /* HUDView.swift */,
				85F50B3C1D37B932002F4BA3 /* CounterLabelView.swift */,
				85F50B3D1D37B932002F4BA3 /* ExplodeView.swift */,
				85F50B3E1D37B932002F4BA3 /* StardustView.swift */,
				85F50B3F1D37B932002F4BA3 /* HangmanView.swift */,
				85F50B401D37B932002F4BA3 /* CategoryView.swift */,
				85F50B411D37B932002F4BA3 /* BonusView.swift */,
			);
			name = Views;
			sourceTree = "<group>";
		};
		85F50B5A1D37B9CC002F4BA3 /* Fonts */ = {
			isa = PBXGroup;
			children = (
				85F50B8E1D37BA4B002F4BA3 /* Asakim_Bold.ttf */,
				85F50B8F1D37BA4B002F4BA3 /* Comix_Bold.ttf */,
				85F50B901D37BA4B002F4BA3 /* Dana_Yad.otf */,
				85F50B911D37BA4B002F4BA3 /* Comic_Andy.ttf */,
			);
			name = Fonts;
			sourceTree = "<group>";
		};
		85F50B5B1D37B9D4002F4BA3 /* Particles */ = {
			isa = PBXGroup;
			children = (
				85F50B8C1D37BA3F002F4BA3 /* particle.png */,
			);
			name = Particles;
			sourceTree = "<group>";
		};
		85F50B5C1D37B9EB002F4BA3 /* Audio */ = {
			isa = PBXGroup;
			children = (
				85F50B841D37BA27002F4BA3 /* ouch.mp3 */,
				85F50B851D37BA27002F4BA3 /* win.mp3 */,
				85F50B861D37BA27002F4BA3 /* wrong.m4a */,
				85F50B871D37BA27002F4BA3 /* ding.mp3 */,
			);
			name = Audio;
			sourceTree = "<group>";
		};
		85F50B5D1D37B9F3002F4BA3 /* Images */ = {
			isa = PBXGroup;
			children = (
				852D71251D3D2A9700B596B6 /* pink.jpg */,
				852D71221D3BEE1500B596B6 /* btn01.png */,
				852D71191D3BD9BC00B596B6 /* b4.jpg */,
				85F50B5E1D37BA12002F4BA3 /* 10.png */,
				85F50B5F1D37BA12002F4BA3 /* btn.png */,
				85F50B601D37BA12002F4BA3 /* 7.png */,
				85F50B611D37BA12002F4BA3 /* 0.png */,
				85F50B621D37BA12002F4BA3 /* 1.png */,
				85F50B631D37BA12002F4BA3 /* 2.png */,
				85F50B641D37BA12002F4BA3 /* 3.png */,
				85F50B651D37BA12002F4BA3 /* 4.png */,
				85F50B661D37BA12002F4BA3 /* 5.png */,
				85F50B671D37BA12002F4BA3 /* 6.png */,
				85F50B681D37BA12002F4BA3 /* back1.jpg */,
				85F50B6B1D37BA12002F4BA3 /* board.jpg */,
				85F50B6C1D37BA12002F4BA3 /* b.jpg */,
				85F50B6D1D37BA12002F4BA3 /* slot@2x.png */,
				85F50B6E1D37BA12002F4BA3 /* slot.png */,
				85F50B6F1D37BA12002F4BA3 /* tile.png */,
				85F50B701D37BA12002F4BA3 /* tile@2x.png */,
			);
			name = Images;
			sourceTree = "<group>";
		};
		D81252091D2FD54D00A374AF = {
			isa = PBXGroup;
			children = (
				D81252141D2FD54D00A374AF /* IHangMan */,
				D812522C1D2FD54D00A374AF /* IHangManTests */,
				D81252371D2FD54D00A374AF /* IHangManUITests */,
				D81252131D2FD54D00A374AF /* Products */,
				15F8F24C6FF8BDBACC0AF6EC /* Pods */,
			);
			sourceTree = "<group>";
		};
		D81252131D2FD54D00A374AF /* Products */ = {
			isa = PBXGroup;
			children = (
				D81252121D2FD54D00A374AF /* IHangMan.app */,
				D81252291D2FD54D00A374AF /* IHangManTests.xctest */,
				D81252341D2FD54D00A374AF /* IHangManUITests.xctest */,
			);
			name = Products;
			sourceTree = "<group>";
		};
		D81252141D2FD54D00A374AF /* IHangMan */ = {
			isa = PBXGroup;
			children = (
				85F50B581D37B9B4002F4BA3 /* Config.swift */,
				85F50B2F1D37B818002F4BA3 /* Classes */,
				85F50B301D37B827002F4BA3 /* Asserts */,
				85F50B311D37B839002F4BA3 /* Categories */,
				D81252151D2FD54D00A374AF /* AppDelegate.swift */,
				D81252191D2FD54D00A374AF /* Main.storyboard */,
				D812521F1D2FD54D00A374AF /* Assets.xcassets */,
				D81252211D2FD54D00A374AF /* LaunchScreen.storyboard */,
				D81252241D2FD54D00A374AF /* Info.plist */,
				D856DF921D322F5E00DEE104 /* GoogleService-Info.plist */,
				D812521C1D2FD54D00A374AF /* IHangMan.xcdatamodeld */,
			);
			path = IHangMan;
			sourceTree = "<group>";
		};
		D812522C1D2FD54D00A374AF /* IHangManTests */ = {
			isa = PBXGroup;
			children = (
				D812522D1D2FD54D00A374AF /* IHangManTests.swift */,
				D812522F1D2FD54D00A374AF /* Info.plist */,
			);
			path = IHangManTests;
			sourceTree = "<group>";
		};
		D81252371D2FD54D00A374AF /* IHangManUITests */ = {
			isa = PBXGroup;
			children = (
				D81252381D2FD54D00A374AF /* IHangManUITests.swift */,
				D812523A1D2FD54D00A374AF /* Info.plist */,
			);
			path = IHangManUITests;
			sourceTree = "<group>";
		};
		D856DF8B1D31496C00DEE104 /* Models */ = {
			isa = PBXGroup;
			children = (
				85F50B331D37B8E6002F4BA3 /* Category.swift */,
				85F50B351D37B8F2002F4BA3 /* GameData.swift */,
				D859C2581D3822CB000A5A80 /* ChampCell.swift */,
				D80230761D3A44F5002095D4 /* Champ.swift */,
			);
			name = Models;
			path = ..;
			sourceTree = "<group>";
		};
		D856DF8C1D314ACA00DEE104 /* Controllers */ = {
			isa = PBXGroup;
			children = (
				85F50B4C1D37B942002F4BA3 /* GameController.swift */,
				85F50B4D1D37B942002F4BA3 /* AudioController.swift */,
				D81252171D2FD54D00A374AF /* LoginViewController.swift */,
				D8F9B7141D32F18600DBCB68 /* HomeViewController.swift */,
				D83BA82B1D34EDC80063F60F /* SignUpViewController.swift */,
				D83BA82D1D3557920063F60F /* GameBoardViewController.swift */,
				D859C25A1D38238C000A5A80 /* ChampTableViewController.swift */,
				D814853F1D3B80D500D4A2E2 /* InstructionsViewController.swift */,
			);
			name = Controllers;
			path = ..;
			sourceTree = "<group>";
		};
/* End PBXGroup section */

/* Begin PBXNativeTarget section */
		D81252111D2FD54D00A374AF /* IHangMan */ = {
			isa = PBXNativeTarget;
			buildConfigurationList = D812523D1D2FD54D00A374AF /* Build configuration list for PBXNativeTarget "IHangMan" */;
			buildPhases = (
				34100F94376A1A07437A6E89 /* [CP] Check Pods Manifest.lock */,
				D812520E1D2FD54D00A374AF /* Sources */,
				D812520F1D2FD54D00A374AF /* Frameworks */,
				D81252101D2FD54D00A374AF /* Resources */,
				E0B754EA1D363EE45111A628 /* [CP] Embed Pods Frameworks */,
				451EBF7534B1383DFE3327B1 /* [CP] Copy Pods Resources */,
			);
			buildRules = (
			);
			dependencies = (
			);
			name = IHangMan;
			productName = IHangMan;
			productReference = D81252121D2FD54D00A374AF /* IHangMan.app */;
			productType = "com.apple.product-type.application";
		};
		D81252281D2FD54D00A374AF /* IHangManTests */ = {
			isa = PBXNativeTarget;
			buildConfigurationList = D81252401D2FD54D00A374AF /* Build configuration list for PBXNativeTarget "IHangManTests" */;
			buildPhases = (
				54ABD5C63B19775C95363026 /* [CP] Check Pods Manifest.lock */,
				D81252251D2FD54D00A374AF /* Sources */,
				D81252261D2FD54D00A374AF /* Frameworks */,
				D81252271D2FD54D00A374AF /* Resources */,
				805756488D9CE5A29A400F59 /* [CP] Embed Pods Frameworks */,
				2DE4E387EC792F0D4425F773 /* [CP] Copy Pods Resources */,
			);
			buildRules = (
			);
			dependencies = (
				D812522B1D2FD54D00A374AF /* PBXTargetDependency */,
			);
			name = IHangManTests;
			productName = IHangManTests;
			productReference = D81252291D2FD54D00A374AF /* IHangManTests.xctest */;
			productType = "com.apple.product-type.bundle.unit-test";
		};
		D81252331D2FD54D00A374AF /* IHangManUITests */ = {
			isa = PBXNativeTarget;
			buildConfigurationList = D81252431D2FD54D00A374AF /* Build configuration list for PBXNativeTarget "IHangManUITests" */;
			buildPhases = (
				55A0DDF252D58B311C343428 /* [CP] Check Pods Manifest.lock */,
				D81252301D2FD54D00A374AF /* Sources */,
				D81252311D2FD54D00A374AF /* Frameworks */,
				D81252321D2FD54D00A374AF /* Resources */,
				B60E3F48A9240AF232C131C7 /* [CP] Copy Pods Resources */,
			);
			buildRules = (
			);
			dependencies = (
				D81252361D2FD54D00A374AF /* PBXTargetDependency */,
			);
			name = IHangManUITests;
			productName = IHangManUITests;
			productReference = D81252341D2FD54D00A374AF /* IHangManUITests.xctest */;
			productType = "com.apple.product-type.bundle.ui-testing";
		};
/* End PBXNativeTarget section */

/* Begin PBXProject section */
		D812520A1D2FD54D00A374AF /* Project object */ = {
			isa = PBXProject;
			attributes = {
				LastSwiftUpdateCheck = 0730;
				LastUpgradeCheck = 0730;
				ORGANIZATIONNAME = "Amit Nahmani";
				TargetAttributes = {
					D81252111D2FD54D00A374AF = {
						CreatedOnToolsVersion = 7.3.1;
					};
					D81252281D2FD54D00A374AF = {
						CreatedOnToolsVersion = 7.3.1;
						TestTargetID = D81252111D2FD54D00A374AF;
					};
					D81252331D2FD54D00A374AF = {
						CreatedOnToolsVersion = 7.3.1;
						TestTargetID = D81252111D2FD54D00A374AF;
					};
				};
			};
			buildConfigurationList = D812520D1D2FD54D00A374AF /* Build configuration list for PBXProject "IHangMan" */;
			compatibilityVersion = "Xcode 3.2";
			developmentRegion = English;
			hasScannedForEncodings = 0;
			knownRegions = (
				en,
				Base,
			);
			mainGroup = D81252091D2FD54D00A374AF;
			productRefGroup = D81252131D2FD54D00A374AF /* Products */;
			projectDirPath = "";
			projectRoot = "";
			targets = (
				D81252111D2FD54D00A374AF /* IHangMan */,
				D81252281D2FD54D00A374AF /* IHangManTests */,
				D81252331D2FD54D00A374AF /* IHangManUITests */,
			);
		};
/* End PBXProject section */

/* Begin PBXResourcesBuildPhase section */
		D81252101D2FD54D00A374AF /* Resources */ = {
			isa = PBXResourcesBuildPhase;
			buildActionMask = 2147483647;
			files = (
				85F50B7E1D37BA12002F4BA3 /* board.jpg in Resources */,
				85F50B771D37BA12002F4BA3 /* 3.png in Resources */,
				85F50B941D37BA4B002F4BA3 /* Dana_Yad.otf in Resources */,
				85F50B801D37BA12002F4BA3 /* slot@2x.png in Resources */,
				85F50B741D37BA12002F4BA3 /* 0.png in Resources */,
				85F50B731D37BA12002F4BA3 /* 7.png in Resources */,
				85F50B761D37BA12002F4BA3 /* 2.png in Resources */,
				85F50B541D37B958002F4BA3 /* 1.plist in Resources */,
				85F50B821D37BA12002F4BA3 /* tile.png in Resources */,
				85F50B791D37BA12002F4BA3 /* 5.png in Resources */,
				D81252231D2FD54D00A374AF /* LaunchScreen.storyboard in Resources */,
				85F50B721D37BA12002F4BA3 /* btn.png in Resources */,
				85F50B751D37BA12002F4BA3 /* 1.png in Resources */,
				D81252201D2FD54D00A374AF /* Assets.xcassets in Resources */,
				852D71261D3D2A9700B596B6 /* pink.jpg in Resources */,
				85F50B551D37B958002F4BA3 /* 2.plist in Resources */,
				85F50B8B1D37BA27002F4BA3 /* ding.mp3 in Resources */,
				852D711A1D3BD9BC00B596B6 /* b4.jpg in Resources */,
				85F50B831D37BA12002F4BA3 /* tile@2x.png in Resources */,
				85F50B7F1D37BA12002F4BA3 /* b.jpg in Resources */,
				85F50B7B1D37BA12002F4BA3 /* back1.jpg in Resources */,
				85F50B921D37BA4B002F4BA3 /* Asakim_Bold.ttf in Resources */,
				852D71241D3BEE1500B596B6 /* btn01.png in Resources */,
				85F50B8D1D37BA3F002F4BA3 /* particle.png in Resources */,
				85F50B811D37BA12002F4BA3 /* slot.png in Resources */,
				D812521B1D2FD54D00A374AF /* Main.storyboard in Resources */,
				85F50B7A1D37BA12002F4BA3 /* 6.png in Resources */,
				85F50B891D37BA27002F4BA3 /* win.mp3 in Resources */,
				85F50B711D37BA12002F4BA3 /* 10.png in Resources */,
				85F50B931D37BA4B002F4BA3 /* Comix_Bold.ttf in Resources */,
				85F50B951D37BA4B002F4BA3 /* Comic_Andy.ttf in Resources */,
				85F50B781D37BA12002F4BA3 /* 4.png in Resources */,
				85F50B571D37B958002F4BA3 /* 4.plist in Resources */,
				D8F9B70D1D32BBCB00DBCB68 /* GoogleService-Info.plist in Resources */,
				85F50B881D37BA27002F4BA3 /* ouch.mp3 in Resources */,
				85F50B561D37B958002F4BA3 /* 3.plist in Resources */,
				85F50B8A1D37BA27002F4BA3 /* wrong.m4a in Resources */,
			);
			runOnlyForDeploymentPostprocessing = 0;
		};
		D81252271D2FD54D00A374AF /* Resources */ = {
			isa = PBXResourcesBuildPhase;
			buildActionMask = 2147483647;
			files = (
				85F50B961D37BB0E002F4BA3 /* Dana_Yad.otf in Resources */,
				85F50B981D37BB12002F4BA3 /* Comic_Andy.ttf in Resources */,
				85F50B9A1D37BB17002F4BA3 /* Comix_Bold.ttf in Resources */,
				85F50B9C1D37BB1A002F4BA3 /* Asakim_Bold.ttf in Resources */,
				D8F9B70B1D32BBC200DBCB68 /* GoogleService-Info.plist in Resources */,
			);
			runOnlyForDeploymentPostprocessing = 0;
		};
		D81252321D2FD54D00A374AF /* Resources */ = {
			isa = PBXResourcesBuildPhase;
			buildActionMask = 2147483647;
			files = (
				85F50B971D37BB0F002F4BA3 /* Dana_Yad.otf in Resources */,
				85F50B991D37BB13002F4BA3 /* Comic_Andy.ttf in Resources */,
				85F50B9B1D37BB17002F4BA3 /* Comix_Bold.ttf in Resources */,
				85F50B9D1D37BB1A002F4BA3 /* Asakim_Bold.ttf in Resources */,
				D8F9B70C1D32BBC300DBCB68 /* GoogleService-Info.plist in Resources */,
			);
			runOnlyForDeploymentPostprocessing = 0;
		};
/* End PBXResourcesBuildPhase section */

/* Begin PBXShellScriptBuildPhase section */
		2DE4E387EC792F0D4425F773 /* [CP] Copy Pods Resources */ = {
			isa = PBXShellScriptBuildPhase;
			buildActionMask = 2147483647;
			files = (
			);
			inputPaths = (
			);
			name = "[CP] Copy Pods Resources";
			outputPaths = (
			);
			runOnlyForDeploymentPostprocessing = 0;
			shellPath = /bin/sh;
			shellScript = "\"${SRCROOT}/Pods/Target Support Files/Pods-IHangManTests/Pods-IHangManTests-resources.sh\"\n";
			showEnvVarsInLog = 0;
		};
		34100F94376A1A07437A6E89 /* [CP] Check Pods Manifest.lock */ = {
			isa = PBXShellScriptBuildPhase;
			buildActionMask = 2147483647;
			files = (
			);
			inputPaths = (
			);
			name = "[CP] Check Pods Manifest.lock";
			outputPaths = (
			);
			runOnlyForDeploymentPostprocessing = 0;
			shellPath = /bin/sh;
			shellScript = "diff \"${PODS_ROOT}/../Podfile.lock\" \"${PODS_ROOT}/Manifest.lock\" > /dev/null\nif [[ $? != 0 ]] ; then\n    cat << EOM\nerror: The sandbox is not in sync with the Podfile.lock. Run 'pod install' or update your CocoaPods installation.\nEOM\n    exit 1\nfi\n";
			showEnvVarsInLog = 0;
		};
		451EBF7534B1383DFE3327B1 /* [CP] Copy Pods Resources */ = {
			isa = PBXShellScriptBuildPhase;
			buildActionMask = 2147483647;
			files = (
			);
			inputPaths = (
			);
			name = "[CP] Copy Pods Resources";
			outputPaths = (
			);
			runOnlyForDeploymentPostprocessing = 0;
			shellPath = /bin/sh;
			shellScript = "\"${SRCROOT}/Pods/Target Support Files/Pods-IHangMan/Pods-IHangMan-resources.sh\"\n";
			showEnvVarsInLog = 0;
		};
		54ABD5C63B19775C95363026 /* [CP] Check Pods Manifest.lock */ = {
			isa = PBXShellScriptBuildPhase;
			buildActionMask = 2147483647;
			files = (
			);
			inputPaths = (
			);
			name = "[CP] Check Pods Manifest.lock";
			outputPaths = (
			);
			runOnlyForDeploymentPostprocessing = 0;
			shellPath = /bin/sh;
			shellScript = "diff \"${PODS_ROOT}/../Podfile.lock\" \"${PODS_ROOT}/Manifest.lock\" > /dev/null\nif [[ $? != 0 ]] ; then\n    cat << EOM\nerror: The sandbox is not in sync with the Podfile.lock. Run 'pod install' or update your CocoaPods installation.\nEOM\n    exit 1\nfi\n";
			showEnvVarsInLog = 0;
		};
		55A0DDF252D58B311C343428 /* [CP] Check Pods Manifest.lock */ = {
			isa = PBXShellScriptBuildPhase;
			buildActionMask = 2147483647;
			files = (
			);
			inputPaths = (
			);
			name = "[CP] Check Pods Manifest.lock";
			outputPaths = (
			);
			runOnlyForDeploymentPostprocessing = 0;
			shellPath = /bin/sh;
			shellScript = "diff \"${PODS_ROOT}/../Podfile.lock\" \"${PODS_ROOT}/Manifest.lock\" > /dev/null\nif [[ $? != 0 ]] ; then\n    cat << EOM\nerror: The sandbox is not in sync with the Podfile.lock. Run 'pod install' or update your CocoaPods installation.\nEOM\n    exit 1\nfi\n";
			showEnvVarsInLog = 0;
		};
		805756488D9CE5A29A400F59 /* [CP] Embed Pods Frameworks */ = {
			isa = PBXShellScriptBuildPhase;
			buildActionMask = 2147483647;
			files = (
			);
			inputPaths = (
			);
			name = "[CP] Embed Pods Frameworks";
			outputPaths = (
			);
			runOnlyForDeploymentPostprocessing = 0;
			shellPath = /bin/sh;
			shellScript = "\"${SRCROOT}/Pods/Target Support Files/Pods-IHangManTests/Pods-IHangManTests-frameworks.sh\"\n";
			showEnvVarsInLog = 0;
		};
		B60E3F48A9240AF232C131C7 /* [CP] Copy Pods Resources */ = {
			isa = PBXShellScriptBuildPhase;
			buildActionMask = 2147483647;
			files = (
			);
			inputPaths = (
			);
			name = "[CP] Copy Pods Resources";
			outputPaths = (
			);
			runOnlyForDeploymentPostprocessing = 0;
			shellPath = /bin/sh;
			shellScript = "\"${SRCROOT}/Pods/Target Support Files/Pods-IHangManUITests/Pods-IHangManUITests-resources.sh\"\n";
			showEnvVarsInLog = 0;
		};
		E0B754EA1D363EE45111A628 /* [CP] Embed Pods Frameworks */ = {
			isa = PBXShellScriptBuildPhase;
			buildActionMask = 2147483647;
			files = (
			);
			inputPaths = (
			);
			name = "[CP] Embed Pods Frameworks";
			outputPaths = (
			);
			runOnlyForDeploymentPostprocessing = 0;
			shellPath = /bin/sh;
			shellScript = "\"${SRCROOT}/Pods/Target Support Files/Pods-IHangMan/Pods-IHangMan-frameworks.sh\"\n";
			showEnvVarsInLog = 0;
		};
/* End PBXShellScriptBuildPhase section */

/* Begin PBXSourcesBuildPhase section */
		D812520E1D2FD54D00A374AF /* Sources */ = {
			isa = PBXSourcesBuildPhase;
			buildActionMask = 2147483647;
			files = (
				D83BA82C1D34EDC90063F60F /* SignUpViewController.swift in Sources */,
				85F50B4E1D37B942002F4BA3 /* GameController.swift in Sources */,
				85F50B4B1D37B932002F4BA3 /* BonusView.swift in Sources */,
				D8F9B7151D32F18600DBCB68 /* HomeViewController.swift in Sources */,
				D81485401D3B80D500D4A2E2 /* InstructionsViewController.swift in Sources */,
				85F50B491D37B932002F4BA3 /* HangmanView.swift in Sources */,
				85F50B481D37B932002F4BA3 /* StardustView.swift in Sources */,
				85F50B461D37B932002F4BA3 /* CounterLabelView.swift in Sources */,
				85F50B4F1D37B942002F4BA3 /* AudioController.swift in Sources */,
				85F50B441D37B932002F4BA3 /* StopwatchView.swift in Sources */,
				D859C2591D3822CB000A5A80 /* ChampCell.swift in Sources */,
				D81252181D2FD54D00A374AF /* LoginViewController.swift in Sources */,
				D81252161D2FD54D00A374AF /* AppDelegate.swift in Sources */,
				85F50B4A1D37B932002F4BA3 /* CategoryView.swift in Sources */,
				D859C25B1D38238C000A5A80 /* ChampTableViewController.swift in Sources */,
				85F50B471D37B932002F4BA3 /* ExplodeView.swift in Sources */,
				D80230771D3A44F5002095D4 /* Champ.swift in Sources */,
				D83BA82E1D3557920063F60F /* GameBoardViewController.swift in Sources */,
				85F50B451D37B932002F4BA3 /* HUDView.swift in Sources */,
				85F50B591D37B9B4002F4BA3 /* Config.swift in Sources */,
				D812521E1D2FD54D00A374AF /* IHangMan.xcdatamodeld in Sources */,
				85F50B431D37B932002F4BA3 /* TargetView.swift in Sources */,
				85F50B361D37B8F2002F4BA3 /* GameData.swift in Sources */,
				85F50B421D37B932002F4BA3 /* TileView.swift in Sources */,
				85F50B341D37B8E6002F4BA3 /* Category.swift in Sources */,
			);
			runOnlyForDeploymentPostprocessing = 0;
		};
		D81252251D2FD54D00A374AF /* Sources */ = {
			isa = PBXSourcesBuildPhase;
			buildActionMask = 2147483647;
			files = (
				D812522E1D2FD54D00A374AF /* IHangManTests.swift in Sources */,
			);
			runOnlyForDeploymentPostprocessing = 0;
		};
		D81252301D2FD54D00A374AF /* Sources */ = {
			isa = PBXSourcesBuildPhase;
			buildActionMask = 2147483647;
			files = (
				D81252391D2FD54D00A374AF /* IHangManUITests.swift in Sources */,
			);
			runOnlyForDeploymentPostprocessing = 0;
		};
/* End PBXSourcesBuildPhase section */

/* Begin PBXTargetDependency section */
		D812522B1D2FD54D00A374AF /* PBXTargetDependency */ = {
			isa = PBXTargetDependency;
			target = D81252111D2FD54D00A374AF /* IHangMan */;
			targetProxy = D812522A1D2FD54D00A374AF /* PBXContainerItemProxy */;
		};
		D81252361D2FD54D00A374AF /* PBXTargetDependency */ = {
			isa = PBXTargetDependency;
			target = D81252111D2FD54D00A374AF /* IHangMan */;
			targetProxy = D81252351D2FD54D00A374AF /* PBXContainerItemProxy */;
		};
/* End PBXTargetDependency section */

/* Begin PBXVariantGroup section */
		D81252191D2FD54D00A374AF /* Main.storyboard */ = {
			isa = PBXVariantGroup;
			children = (
				D812521A1D2FD54D00A374AF /* Base */,
			);
			name = Main.storyboard;
			sourceTree = "<group>";
		};
		D81252211D2FD54D00A374AF /* LaunchScreen.storyboard */ = {
			isa = PBXVariantGroup;
			children = (
				D81252221D2FD54D00A374AF /* Base */,
			);
			name = LaunchScreen.storyboard;
			sourceTree = "<group>";
		};
/* End PBXVariantGroup section */

/* Begin XCBuildConfiguration section */
		D812523B1D2FD54D00A374AF /* Debug */ = {
			isa = XCBuildConfiguration;
			buildSettings = {
				ALWAYS_SEARCH_USER_PATHS = NO;
				CLANG_ANALYZER_NONNULL = YES;
				CLANG_CXX_LANGUAGE_STANDARD = "gnu++0x";
				CLANG_CXX_LIBRARY = "libc++";
				CLANG_ENABLE_MODULES = YES;
				CLANG_ENABLE_OBJC_ARC = YES;
				CLANG_WARN_BOOL_CONVERSION = YES;
				CLANG_WARN_CONSTANT_CONVERSION = YES;
				CLANG_WARN_DIRECT_OBJC_ISA_USAGE = YES_ERROR;
				CLANG_WARN_EMPTY_BODY = YES;
				CLANG_WARN_ENUM_CONVERSION = YES;
				CLANG_WARN_INT_CONVERSION = YES;
				CLANG_WARN_OBJC_ROOT_CLASS = YES_ERROR;
				CLANG_WARN_UNREACHABLE_CODE = YES;
				CLANG_WARN__DUPLICATE_METHOD_MATCH = YES;
				"CODE_SIGN_IDENTITY[sdk=iphoneos*]" = "iPhone Developer";
				COPY_PHASE_STRIP = NO;
				DEBUG_INFORMATION_FORMAT = dwarf;
				ENABLE_STRICT_OBJC_MSGSEND = YES;
				ENABLE_TESTABILITY = YES;
				GCC_C_LANGUAGE_STANDARD = gnu99;
				GCC_DYNAMIC_NO_PIC = NO;
				GCC_NO_COMMON_BLOCKS = YES;
				GCC_OPTIMIZATION_LEVEL = 0;
				GCC_PREPROCESSOR_DEFINITIONS = (
					"DEBUG=1",
					"$(inherited)",
				);
				GCC_WARN_64_TO_32_BIT_CONVERSION = YES;
				GCC_WARN_ABOUT_RETURN_TYPE = YES_ERROR;
				GCC_WARN_UNDECLARED_SELECTOR = YES;
				GCC_WARN_UNINITIALIZED_AUTOS = YES_AGGRESSIVE;
				GCC_WARN_UNUSED_FUNCTION = YES;
				GCC_WARN_UNUSED_VARIABLE = YES;
				IPHONEOS_DEPLOYMENT_TARGET = 9.3;
				MTL_ENABLE_DEBUG_INFO = YES;
				ONLY_ACTIVE_ARCH = YES;
				SDKROOT = iphoneos;
				SWIFT_OPTIMIZATION_LEVEL = "-Onone";
			};
			name = Debug;
		};
		D812523C1D2FD54D00A374AF /* Release */ = {
			isa = XCBuildConfiguration;
			buildSettings = {
				ALWAYS_SEARCH_USER_PATHS = NO;
				CLANG_ANALYZER_NONNULL = YES;
				CLANG_CXX_LANGUAGE_STANDARD = "gnu++0x";
				CLANG_CXX_LIBRARY = "libc++";
				CLANG_ENABLE_MODULES = YES;
				CLANG_ENABLE_OBJC_ARC = YES;
				CLANG_WARN_BOOL_CONVERSION = YES;
				CLANG_WARN_CONSTANT_CONVERSION = YES;
				CLANG_WARN_DIRECT_OBJC_ISA_USAGE = YES_ERROR;
				CLANG_WARN_EMPTY_BODY = YES;
				CLANG_WARN_ENUM_CONVERSION = YES;
				CLANG_WARN_INT_CONVERSION = YES;
				CLANG_WARN_OBJC_ROOT_CLASS = YES_ERROR;
				CLANG_WARN_UNREACHABLE_CODE = YES;
				CLANG_WARN__DUPLICATE_METHOD_MATCH = YES;
				"CODE_SIGN_IDENTITY[sdk=iphoneos*]" = "iPhone Developer";
				COPY_PHASE_STRIP = NO;
				DEBUG_INFORMATION_FORMAT = "dwarf-with-dsym";
				ENABLE_NS_ASSERTIONS = NO;
				ENABLE_STRICT_OBJC_MSGSEND = YES;
				GCC_C_LANGUAGE_STANDARD = gnu99;
				GCC_NO_COMMON_BLOCKS = YES;
				GCC_WARN_64_TO_32_BIT_CONVERSION = YES;
				GCC_WARN_ABOUT_RETURN_TYPE = YES_ERROR;
				GCC_WARN_UNDECLARED_SELECTOR = YES;
				GCC_WARN_UNINITIALIZED_AUTOS = YES_AGGRESSIVE;
				GCC_WARN_UNUSED_FUNCTION = YES;
				GCC_WARN_UNUSED_VARIABLE = YES;
				IPHONEOS_DEPLOYMENT_TARGET = 9.3;
				MTL_ENABLE_DEBUG_INFO = NO;
				SDKROOT = iphoneos;
				VALIDATE_PRODUCT = YES;
			};
			name = Release;
		};
		D812523E1D2FD54D00A374AF /* Debug */ = {
			isa = XCBuildConfiguration;
			baseConfigurationReference = 266A295C97A786493FEFDF5C /* Pods-IHangMan.debug.xcconfig */;
			buildSettings = {
				ASSETCATALOG_COMPILER_APPICON_NAME = AppIcon;
				CODE_SIGN_IDENTITY = "iPhone Developer";
				"CODE_SIGN_IDENTITY[sdk=iphoneos*]" = "iPhone Developer";
				INFOPLIST_FILE = IHangMan/Info.plist;
				IPHONEOS_DEPLOYMENT_TARGET = 9.3;
				LD_RUNPATH_SEARCH_PATHS = "$(inherited) @executable_path/Frameworks";
				PRODUCT_BUNDLE_IDENTIFIER = "com.ah-apps.ihangman";
				PRODUCT_NAME = "$(TARGET_NAME)";
				PROVISIONING_PROFILE = "";
			};
			name = Debug;
		};
		D812523F1D2FD54D00A374AF /* Release */ = {
			isa = XCBuildConfiguration;
			baseConfigurationReference = 7B08E2A422A7BAC2EA96B5B5 /* Pods-IHangMan.release.xcconfig */;
			buildSettings = {
				ASSETCATALOG_COMPILER_APPICON_NAME = AppIcon;
				CODE_SIGN_IDENTITY = "iPhone Developer";
				"CODE_SIGN_IDENTITY[sdk=iphoneos*]" = "iPhone Developer";
				INFOPLIST_FILE = IHangMan/Info.plist;
				IPHONEOS_DEPLOYMENT_TARGET = 9.3;
				LD_RUNPATH_SEARCH_PATHS = "$(inherited) @executable_path/Frameworks";
				PRODUCT_BUNDLE_IDENTIFIER = "com.ah-apps.ihangman";
				PRODUCT_NAME = "$(TARGET_NAME)";
				PROVISIONING_PROFILE = "";
			};
			name = Release;
		};
		D81252411D2FD54D00A374AF /* Debug */ = {
			isa = XCBuildConfiguration;
			baseConfigurationReference = 0DA0F1540318EDD38F271DE1 /* Pods-IHangManTests.debug.xcconfig */;
			buildSettings = {
				BUNDLE_LOADER = "$(TEST_HOST)";
				INFOPLIST_FILE = IHangManTests/Info.plist;
				LD_RUNPATH_SEARCH_PATHS = "$(inherited) @executable_path/Frameworks @loader_path/Frameworks";
				PRODUCT_BUNDLE_IDENTIFIER = com.amitapps.IHangManTests;
				PRODUCT_NAME = "$(TARGET_NAME)";
				TEST_HOST = "$(BUILT_PRODUCTS_DIR)/IHangMan.app/IHangMan";
			};
			name = Debug;
		};
		D81252421D2FD54D00A374AF /* Release */ = {
			isa = XCBuildConfiguration;
			baseConfigurationReference = 8CD8898D209726E14746B7E9 /* Pods-IHangManTests.release.xcconfig */;
			buildSettings = {
				BUNDLE_LOADER = "$(TEST_HOST)";
				INFOPLIST_FILE = IHangManTests/Info.plist;
				LD_RUNPATH_SEARCH_PATHS = "$(inherited) @executable_path/Frameworks @loader_path/Frameworks";
				PRODUCT_BUNDLE_IDENTIFIER = com.amitapps.IHangManTests;
				PRODUCT_NAME = "$(TARGET_NAME)";
				TEST_HOST = "$(BUILT_PRODUCTS_DIR)/IHangMan.app/IHangMan";
			};
			name = Release;
		};
		D81252441D2FD54D00A374AF /* Debug */ = {
			isa = XCBuildConfiguration;
			baseConfigurationReference = 10ECEB01DA12C79BEE08DCB6 /* Pods-IHangManUITests.debug.xcconfig */;
			buildSettings = {
				INFOPLIST_FILE = IHangManUITests/Info.plist;
				LD_RUNPATH_SEARCH_PATHS = "$(inherited) @executable_path/Frameworks @loader_path/Frameworks";
				PRODUCT_BUNDLE_IDENTIFIER = com.amitapps.IHangManUITests;
				PRODUCT_NAME = "$(TARGET_NAME)";
				TEST_TARGET_NAME = IHangMan;
			};
			name = Debug;
		};
		D81252451D2FD54D00A374AF /* Release */ = {
			isa = XCBuildConfiguration;
			baseConfigurationReference = 7E1D926871183DE7A71C3F0D /* Pods-IHangManUITests.release.xcconfig */;
			buildSettings = {
				INFOPLIST_FILE = IHangManUITests/Info.plist;
				LD_RUNPATH_SEARCH_PATHS = "$(inherited) @executable_path/Frameworks @loader_path/Frameworks";
				PRODUCT_BUNDLE_IDENTIFIER = com.amitapps.IHangManUITests;
				PRODUCT_NAME = "$(TARGET_NAME)";
				TEST_TARGET_NAME = IHangMan;
			};
			name = Release;
		};
/* End XCBuildConfiguration section */

/* Begin XCConfigurationList section */
		D812520D1D2FD54D00A374AF /* Build configuration list for PBXProject "IHangMan" */ = {
			isa = XCConfigurationList;
			buildConfigurations = (
				D812523B1D2FD54D00A374AF /* Debug */,
				D812523C1D2FD54D00A374AF /* Release */,
			);
			defaultConfigurationIsVisible = 0;
			defaultConfigurationName = Release;
		};
		D812523D1D2FD54D00A374AF /* Build configuration list for PBXNativeTarget "IHangMan" */ = {
			isa = XCConfigurationList;
			buildConfigurations = (
				D812523E1D2FD54D00A374AF /* Debug */,
				D812523F1D2FD54D00A374AF /* Release */,
			);
			defaultConfigurationIsVisible = 0;
			defaultConfigurationName = Release;
		};
		D81252401D2FD54D00A374AF /* Build configuration list for PBXNativeTarget "IHangManTests" */ = {
			isa = XCConfigurationList;
			buildConfigurations = (
				D81252411D2FD54D00A374AF /* Debug */,
				D81252421D2FD54D00A374AF /* Release */,
			);
			defaultConfigurationIsVisible = 0;
			defaultConfigurationName = Release;
		};
		D81252431D2FD54D00A374AF /* Build configuration list for PBXNativeTarget "IHangManUITests" */ = {
			isa = XCConfigurationList;
			buildConfigurations = (
				D81252441D2FD54D00A374AF /* Debug */,
				D81252451D2FD54D00A374AF /* Release */,
			);
			defaultConfigurationIsVisible = 0;
			defaultConfigurationName = Release;
		};
/* End XCConfigurationList section */

/* Begin XCVersionGroup section */
		D812521C1D2FD54D00A374AF /* IHangMan.xcdatamodeld */ = {
			isa = XCVersionGroup;
			children = (
				D812521D1D2FD54D00A374AF /* IHangMan.xcdatamodel */,
			);
			currentVersion = D812521D1D2FD54D00A374AF /* IHangMan.xcdatamodel */;
			path = IHangMan.xcdatamodeld;
			sourceTree = "<group>";
			versionGroupType = wrapper.xcdatamodel;
		};
/* End XCVersionGroup section */
	};
	rootObject = D812520A1D2FD54D00A374AF /* Project object */;
}
